{
  "object": {
    "pins": [
      {
        "package": "AlgoliaSearchClientSwift",
        "repositoryURL": "https://github.com/algolia/algoliasearch-client-swift",
        "state": {
          "branch": null,
          "revision": "a0496004ed4d97073775230a077b6b9ed78ecbce",
          "version": "8.0.0-beta.3"
        }
      },
      {
        "package": "swift-log",
        "repositoryURL": "https://github.com/apple/swift-log.git",
        "state": {
          "branch": null,
          "revision": "74d7b91ceebc85daf387ebb206003f78813f71aa",
          "version": "1.2.0"
        }
      }
    ]
  },
  "version": 1
}
